
Microsoft Visual Studio Solution File, Format Version 10.00
# Visual Studio 2008
Project("{8BC9CEB8-8B4A-11D0-8D11-00A0C91BC942}") = "三个数按大小输出", "三个数按大小输出\三个数按大小输出.vcproj", "{0FBE8941-8CF6-4B1A-996E-E7FE1A68A646}"
EndProject
Global
	GlobalSection(SolutionConfigurationPlatforms) = preSolution
		Debug|Win32 = Debug|Win32
		Release|Win32 = Release|Win32
	EndGlobalSection
	GlobalSection(ProjectConfigurationPlatforms) = postSolution
		{0FBE8941-8CF6-4B1A-996E-E7FE1A68A646}.Debug|Win32.ActiveCfg = Debug|Win32
		{0FBE8941-8CF6-4B1A-996E-E7FE1A68A646}.Debug|Win32.Build.0 = Debug|Win32
		{0FBE8941-8CF6-4B1A-996E-E7FE1A68A646}.Release|Win32.ActiveCfg = Release|Win32
		{0FBE8941-8CF6-4B1A-996E-E7FE1A68A646}.Release|Win32.Build.0 = Release|Win32
	EndGlobalSection
	GlobalSection(SolutionProperties) = preSolution
		HideSolutionNode = FALSE
	EndGlobalSection
EndGlobal
