
Microsoft Visual Studio Solution File, Format Version 10.00
# Visual Studio 2008
Project("{8BC9CEB8-8B4A-11D0-8D11-00A0C91BC942}") = "test.9.29.用函数交换两数", "test.9.29.用函数交换两数\test.9.29.用函数交换两数.vcproj", "{A462FC5A-B50E-4E1D-A577-6E2E48EE7C76}"
EndProject
Global
	GlobalSection(SolutionConfigurationPlatforms) = preSolution
		Debug|Win32 = Debug|Win32
		Release|Win32 = Release|Win32
	EndGlobalSection
	GlobalSection(ProjectConfigurationPlatforms) = postSolution
		{A462FC5A-B50E-4E1D-A577-6E2E48EE7C76}.Debug|Win32.ActiveCfg = Debug|Win32
		{A462FC5A-B50E-4E1D-A577-6E2E48EE7C76}.Debug|Win32.Build.0 = Debug|Win32
		{A462FC5A-B50E-4E1D-A577-6E2E48EE7C76}.Release|Win32.ActiveCfg = Release|Win32
		{A462FC5A-B50E-4E1D-A577-6E2E48EE7C76}.Release|Win32.Build.0 = Release|Win32
	EndGlobalSection
	GlobalSection(SolutionProperties) = preSolution
		HideSolutionNode = FALSE
	EndGlobalSection
EndGlobal
