
Microsoft Visual Studio Solution File, Format Version 10.00
# Visual Studio 2008
Project("{8BC9CEB8-8B4A-11D0-8D11-00A0C91BC942}") = "test.11.13.模拟实现strncat", "test.11.13.模拟实现strncat\test.11.13.模拟实现strncat.vcproj", "{CBDEBD6C-2AE4-460E-92A1-D711415DD307}"
EndProject
Global
	GlobalSection(SolutionConfigurationPlatforms) = preSolution
		Debug|Win32 = Debug|Win32
		Release|Win32 = Release|Win32
	EndGlobalSection
	GlobalSection(ProjectConfigurationPlatforms) = postSolution
		{CBDEBD6C-2AE4-460E-92A1-D711415DD307}.Debug|Win32.ActiveCfg = Debug|Win32
		{CBDEBD6C-2AE4-460E-92A1-D711415DD307}.Debug|Win32.Build.0 = Debug|Win32
		{CBDEBD6C-2AE4-460E-92A1-D711415DD307}.Release|Win32.ActiveCfg = Release|Win32
		{CBDEBD6C-2AE4-460E-92A1-D711415DD307}.Release|Win32.Build.0 = Release|Win32
	EndGlobalSection
	GlobalSection(SolutionProperties) = preSolution
		HideSolutionNode = FALSE
	EndGlobalSection
EndGlobal
