
Microsoft Visual Studio Solution File, Format Version 10.00
# Visual Studio 2008
Project("{8BC9CEB8-8B4A-11D0-8D11-00A0C91BC942}") = "test.10.26.猴子吃桃", "test.10.26.猴子吃桃\test.10.26.猴子吃桃.vcproj", "{163AD461-628C-4369-9AC3-0CB3E7C6CFBE}"
EndProject
Global
	GlobalSection(SolutionConfigurationPlatforms) = preSolution
		Debug|Win32 = Debug|Win32
		Release|Win32 = Release|Win32
	EndGlobalSection
	GlobalSection(ProjectConfigurationPlatforms) = postSolution
		{163AD461-628C-4369-9AC3-0CB3E7C6CFBE}.Debug|Win32.ActiveCfg = Debug|Win32
		{163AD461-628C-4369-9AC3-0CB3E7C6CFBE}.Debug|Win32.Build.0 = Debug|Win32
		{163AD461-628C-4369-9AC3-0CB3E7C6CFBE}.Release|Win32.ActiveCfg = Release|Win32
		{163AD461-628C-4369-9AC3-0CB3E7C6CFBE}.Release|Win32.Build.0 = Release|Win32
	EndGlobalSection
	GlobalSection(SolutionProperties) = preSolution
		HideSolutionNode = FALSE
	EndGlobalSection
EndGlobal
