
Microsoft Visual Studio Solution File, Format Version 10.00
# Visual Studio 2008
Project("{8BC9CEB8-8B4A-11D0-8D11-00A0C91BC942}") = "test.10.4.自定义结构体", "test.10.4.自定义结构体\test.10.4.自定义结构体.vcproj", "{7F506251-3C6B-471F-868A-1020D2FFEFF7}"
EndProject
Global
	GlobalSection(SolutionConfigurationPlatforms) = preSolution
		Debug|Win32 = Debug|Win32
		Release|Win32 = Release|Win32
	EndGlobalSection
	GlobalSection(ProjectConfigurationPlatforms) = postSolution
		{7F506251-3C6B-471F-868A-1020D2FFEFF7}.Debug|Win32.ActiveCfg = Debug|Win32
		{7F506251-3C6B-471F-868A-1020D2FFEFF7}.Debug|Win32.Build.0 = Debug|Win32
		{7F506251-3C6B-471F-868A-1020D2FFEFF7}.Release|Win32.ActiveCfg = Release|Win32
		{7F506251-3C6B-471F-868A-1020D2FFEFF7}.Release|Win32.Build.0 = Release|Win32
	EndGlobalSection
	GlobalSection(SolutionProperties) = preSolution
		HideSolutionNode = FALSE
	EndGlobalSection
EndGlobal
