
Microsoft Visual Studio Solution File, Format Version 10.00
# Visual Studio 2008
Project("{8BC9CEB8-8B4A-11D0-8D11-00A0C91BC942}") = "test.10.30.杨氏矩阵", "test.10.30.杨氏矩阵\test.10.30.杨氏矩阵.vcproj", "{C7EE1B5B-C89D-4A34-A669-3C94088E44EA}"
EndProject
Global
	GlobalSection(SolutionConfigurationPlatforms) = preSolution
		Debug|Win32 = Debug|Win32
		Release|Win32 = Release|Win32
	EndGlobalSection
	GlobalSection(ProjectConfigurationPlatforms) = postSolution
		{C7EE1B5B-C89D-4A34-A669-3C94088E44EA}.Debug|Win32.ActiveCfg = Debug|Win32
		{C7EE1B5B-C89D-4A34-A669-3C94088E44EA}.Debug|Win32.Build.0 = Debug|Win32
		{C7EE1B5B-C89D-4A34-A669-3C94088E44EA}.Release|Win32.ActiveCfg = Release|Win32
		{C7EE1B5B-C89D-4A34-A669-3C94088E44EA}.Release|Win32.Build.0 = Release|Win32
	EndGlobalSection
	GlobalSection(SolutionProperties) = preSolution
		HideSolutionNode = FALSE
	EndGlobalSection
EndGlobal
