
Microsoft Visual Studio Solution File, Format Version 10.00
# Visual Studio 2008
Project("{8BC9CEB8-8B4A-11D0-8D11-00A0C91BC942}") = "test.10.9.DigitSum(n)", "test.10.9.DigitSum(n)\test.10.9.DigitSum(n).vcproj", "{E0AC4D2D-DE8D-40BC-AC08-BEEC35521EE6}"
EndProject
Global
	GlobalSection(SolutionConfigurationPlatforms) = preSolution
		Debug|Win32 = Debug|Win32
		Release|Win32 = Release|Win32
	EndGlobalSection
	GlobalSection(ProjectConfigurationPlatforms) = postSolution
		{E0AC4D2D-DE8D-40BC-AC08-BEEC35521EE6}.Debug|Win32.ActiveCfg = Debug|Win32
		{E0AC4D2D-DE8D-40BC-AC08-BEEC35521EE6}.Debug|Win32.Build.0 = Debug|Win32
		{E0AC4D2D-DE8D-40BC-AC08-BEEC35521EE6}.Release|Win32.ActiveCfg = Release|Win32
		{E0AC4D2D-DE8D-40BC-AC08-BEEC35521EE6}.Release|Win32.Build.0 = Release|Win32
	EndGlobalSection
	GlobalSection(SolutionProperties) = preSolution
		HideSolutionNode = FALSE
	EndGlobalSection
EndGlobal
