
Microsoft Visual Studio Solution File, Format Version 10.00
# Visual Studio 2008
Project("{8BC9CEB8-8B4A-11D0-8D11-00A0C91BC942}") = "test.11.5.3.模拟实现strcpy", "test.11.5.3.模拟实现strcpy\test.11.5.3.模拟实现strcpy.vcproj", "{8517DAE2-17AF-4468-9837-780088A488DC}"
EndProject
Global
	GlobalSection(SolutionConfigurationPlatforms) = preSolution
		Debug|Win32 = Debug|Win32
		Release|Win32 = Release|Win32
	EndGlobalSection
	GlobalSection(ProjectConfigurationPlatforms) = postSolution
		{8517DAE2-17AF-4468-9837-780088A488DC}.Debug|Win32.ActiveCfg = Debug|Win32
		{8517DAE2-17AF-4468-9837-780088A488DC}.Debug|Win32.Build.0 = Debug|Win32
		{8517DAE2-17AF-4468-9837-780088A488DC}.Release|Win32.ActiveCfg = Release|Win32
		{8517DAE2-17AF-4468-9837-780088A488DC}.Release|Win32.Build.0 = Release|Win32
	EndGlobalSection
	GlobalSection(SolutionProperties) = preSolution
		HideSolutionNode = FALSE
	EndGlobalSection
EndGlobal
