
Microsoft Visual Studio Solution File, Format Version 10.00
# Visual Studio 2008
Project("{8BC9CEB8-8B4A-11D0-8D11-00A0C91BC942}") = "test.10.21.练习题改正", "test.10.21.练习题改正\test.10.21.练习题改正.vcproj", "{87A96DC7-CF4B-44EB-A65F-E95AA6760FB1}"
EndProject
Global
	GlobalSection(SolutionConfigurationPlatforms) = preSolution
		Debug|Win32 = Debug|Win32
		Release|Win32 = Release|Win32
	EndGlobalSection
	GlobalSection(ProjectConfigurationPlatforms) = postSolution
		{87A96DC7-CF4B-44EB-A65F-E95AA6760FB1}.Debug|Win32.ActiveCfg = Debug|Win32
		{87A96DC7-CF4B-44EB-A65F-E95AA6760FB1}.Debug|Win32.Build.0 = Debug|Win32
		{87A96DC7-CF4B-44EB-A65F-E95AA6760FB1}.Release|Win32.ActiveCfg = Release|Win32
		{87A96DC7-CF4B-44EB-A65F-E95AA6760FB1}.Release|Win32.Build.0 = Release|Win32
	EndGlobalSection
	GlobalSection(SolutionProperties) = preSolution
		HideSolutionNode = FALSE
	EndGlobalSection
EndGlobal
