
Microsoft Visual Studio Solution File, Format Version 10.00
# Visual Studio 2008
Project("{8BC9CEB8-8B4A-11D0-8D11-00A0C91BC942}") = "test.10.3.二分法查找", "test.10.3.二分法查找\test.10.3.二分法查找.vcproj", "{F1C89A67-967B-4A70-880B-02A700C46A5E}"
EndProject
Global
	GlobalSection(SolutionConfigurationPlatforms) = preSolution
		Debug|Win32 = Debug|Win32
		Release|Win32 = Release|Win32
	EndGlobalSection
	GlobalSection(ProjectConfigurationPlatforms) = postSolution
		{F1C89A67-967B-4A70-880B-02A700C46A5E}.Debug|Win32.ActiveCfg = Debug|Win32
		{F1C89A67-967B-4A70-880B-02A700C46A5E}.Debug|Win32.Build.0 = Debug|Win32
		{F1C89A67-967B-4A70-880B-02A700C46A5E}.Release|Win32.ActiveCfg = Release|Win32
		{F1C89A67-967B-4A70-880B-02A700C46A5E}.Release|Win32.Build.0 = Release|Win32
	EndGlobalSection
	GlobalSection(SolutionProperties) = preSolution
		HideSolutionNode = FALSE
	EndGlobalSection
EndGlobal
