
Microsoft Visual Studio Solution File, Format Version 10.00
# Visual Studio 2008
Project("{8BC9CEB8-8B4A-11D0-8D11-00A0C91BC942}") = "test.10.2.转换大小写", "test.10.2.转换大小写\test.10.2.转换大小写.vcproj", "{5FA35FA7-B634-4489-B127-10451ABE1163}"
EndProject
Global
	GlobalSection(SolutionConfigurationPlatforms) = preSolution
		Debug|Win32 = Debug|Win32
		Release|Win32 = Release|Win32
	EndGlobalSection
	GlobalSection(ProjectConfigurationPlatforms) = postSolution
		{5FA35FA7-B634-4489-B127-10451ABE1163}.Debug|Win32.ActiveCfg = Debug|Win32
		{5FA35FA7-B634-4489-B127-10451ABE1163}.Debug|Win32.Build.0 = Debug|Win32
		{5FA35FA7-B634-4489-B127-10451ABE1163}.Release|Win32.ActiveCfg = Release|Win32
		{5FA35FA7-B634-4489-B127-10451ABE1163}.Release|Win32.Build.0 = Release|Win32
	EndGlobalSection
	GlobalSection(SolutionProperties) = preSolution
		HideSolutionNode = FALSE
	EndGlobalSection
EndGlobal
