
Microsoft Visual Studio Solution File, Format Version 10.00
# Visual Studio 2008
Project("{8BC9CEB8-8B4A-11D0-8D11-00A0C91BC942}") = "test.9.23.求前五项之和", "test.9.23.求前五项之和\test.9.23.求前五项之和.vcproj", "{704D9F46-F4F3-49DB-B974-01436EFF1B2F}"
EndProject
Global
	GlobalSection(SolutionConfigurationPlatforms) = preSolution
		Debug|Win32 = Debug|Win32
		Release|Win32 = Release|Win32
	EndGlobalSection
	GlobalSection(ProjectConfigurationPlatforms) = postSolution
		{704D9F46-F4F3-49DB-B974-01436EFF1B2F}.Debug|Win32.ActiveCfg = Debug|Win32
		{704D9F46-F4F3-49DB-B974-01436EFF1B2F}.Debug|Win32.Build.0 = Debug|Win32
		{704D9F46-F4F3-49DB-B974-01436EFF1B2F}.Release|Win32.ActiveCfg = Release|Win32
		{704D9F46-F4F3-49DB-B974-01436EFF1B2F}.Release|Win32.Build.0 = Release|Win32
	EndGlobalSection
	GlobalSection(SolutionProperties) = preSolution
		HideSolutionNode = FALSE
	EndGlobalSection
EndGlobal
